{
  "name": "modulo2",
  "version": "1.0.0",
  "lockfileVersion": 3,
  "requires": true,
  "packages": {
    "": {
      "name": "modulo2",
      "version": "1.0.0",
      "license": "ISC",
      "dependencies": {
        "modulo_suporte_de_rl4": "https://github.com/HUGO0895/Modulo-Suporte-Rl4"
      }
    },
    "../modulo1": {
      "version": "1.0.0",
      "extraneous": true,
      "license": "ISC"
    },
    "node_modules/modulo_suporte_de_rl4": {
      "version": "1.0.0",
      "resolved": "git+ssh://git@github.com/HUGO0895/Modulo-Suporte-Rl4.git#1dba2db109c2c11a9cd182f915cb96ae5f880837",
      "license": "ISC"
    }
  }
}
